
Microsoft Visual Studio Solution File, Format Version 12.00
# Visual Studio Version 16
VisualStudioVersion = 25.0.1706.10
MinimumVisualStudioVersion = 10.0.40219.1
Project("{FAE04EC0-301F-11D3-BF4B-00C04F79EFBC}") = "monogame-demo", "monogame-demo\monogame-demo.csproj", "{C94F1DA0-7AC8-4912-9986-22CDFB675C5F}"
EndProject
Global
	GlobalSection(SolutionConfigurationPlatforms) = preSolution
		Debug|Any CPU = Debug|Any CPU
		Release|Any CPU = Release|Any CPU
	EndGlobalSection
	GlobalSection(ProjectConfigurationPlatforms) = postSolution
		{C94F1DA0-7AC8-4912-9986-22CDFB675C5F}.Debug|Any CPU.ActiveCfg = Debug|Any CPU
		{C94F1DA0-7AC8-4912-9986-22CDFB675C5F}.Debug|Any CPU.Build.0 = Debug|Any CPU
		{C94F1DA0-7AC8-4912-9986-22CDFB675C5F}.Release|Any CPU.ActiveCfg = Release|Any CPU
		{C94F1DA0-7AC8-4912-9986-22CDFB675C5F}.Release|Any CPU.Build.0 = Release|Any CPU
	EndGlobalSection
	GlobalSection(SolutionProperties) = preSolution
		HideSolutionNode = FALSE
	EndGlobalSection
	GlobalSection(ExtensibilityGlobals) = postSolution
		SolutionGuid = {26F082EB-3775-4359-9A26-697BF4484EEA}
	EndGlobalSection
EndGlobal
